
Microsoft Visual Studio Solution File, Format Version 12.00
# Visual Studio Version 17
VisualStudioVersion = 17.0.32002.185
MinimumVisualStudioVersion = 10.0.40219.1
Project("{FAE04EC0-301F-11D3-BF4B-00C04F79EFBC}") = "ConsoleApp", "ConsoleApp\ConsoleApp.csproj", "{E7F16699-E8AF-4452-B636-3972A985D20F}"
EndProject
Global
	GlobalSection(SolutionConfigurationPlatforms) = preSolution
		Debug|Any CPU = Debug|Any CPU
		Release|Any CPU = Release|Any CPU
	EndGlobalSection
	GlobalSection(ProjectConfigurationPlatforms) = postSolution
		{E7F16699-E8AF-4452-B636-3972A985D20F}.Debug|Any CPU.ActiveCfg = Debug|Any CPU
		{E7F16699-E8AF-4452-B636-3972A985D20F}.Debug|Any CPU.Build.0 = Debug|Any CPU
		{E7F16699-E8AF-4452-B636-3972A985D20F}.Release|Any CPU.ActiveCfg = Release|Any CPU
		{E7F16699-E8AF-4452-B636-3972A985D20F}.Release|Any CPU.Build.0 = Release|Any CPU
	EndGlobalSection
	GlobalSection(SolutionProperties) = preSolution
		HideSolutionNode = FALSE
	EndGlobalSection
	GlobalSection(ExtensibilityGlobals) = postSolution
		SolutionGuid = {B820F99B-0B92-481A-A944-AD6208AF582B}
	EndGlobalSection
EndGlobal
